
Microsoft Visual Studio Solution File, Format Version 12.00
# Visual Studio 15
VisualStudioVersion = 15.0.26124.0
MinimumVisualStudioVersion = 15.0.26124.0
Project("{FAE04EC0-301F-11D3-BF4B-00C04F79EFBC}") = "JsonSchema", "src\JsonSchema.csproj", "{58D79E59-DB4B-42A3-ACB7-7F4872FCA5DD}"
EndProject
Project("{FAE04EC0-301F-11D3-BF4B-00C04F79EFBC}") = "JsonSchema.Tests", "test\JsonSchema.Tests.csproj", "{B86C9B86-4B5F-4F1E-84EF-C0C74DB419B4}"
EndProject
Global
	GlobalSection(SolutionConfigurationPlatforms) = preSolution
		Debug|Any CPU = Debug|Any CPU
		Debug|x64 = Debug|x64
		Debug|x86 = Debug|x86
		Release|Any CPU = Release|Any CPU
		Release|x64 = Release|x64
		Release|x86 = Release|x86
	EndGlobalSection
	GlobalSection(SolutionProperties) = preSolution
		HideSolutionNode = FALSE
	EndGlobalSection
	GlobalSection(ProjectConfigurationPlatforms) = postSolution
		{58D79E59-DB4B-42A3-ACB7-7F4872FCA5DD}.Debug|Any CPU.ActiveCfg = Debug|Any CPU
		{58D79E59-DB4B-42A3-ACB7-7F4872FCA5DD}.Debug|Any CPU.Build.0 = Debug|Any CPU
		{58D79E59-DB4B-42A3-ACB7-7F4872FCA5DD}.Debug|x64.ActiveCfg = Debug|Any CPU
		{58D79E59-DB4B-42A3-ACB7-7F4872FCA5DD}.Debug|x64.Build.0 = Debug|Any CPU
		{58D79E59-DB4B-42A3-ACB7-7F4872FCA5DD}.Debug|x86.ActiveCfg = Debug|Any CPU
		{58D79E59-DB4B-42A3-ACB7-7F4872FCA5DD}.Debug|x86.Build.0 = Debug|Any CPU
		{58D79E59-DB4B-42A3-ACB7-7F4872FCA5DD}.Release|Any CPU.ActiveCfg = Release|Any CPU
		{58D79E59-DB4B-42A3-ACB7-7F4872FCA5DD}.Release|Any CPU.Build.0 = Release|Any CPU
		{58D79E59-DB4B-42A3-ACB7-7F4872FCA5DD}.Release|x64.ActiveCfg = Release|Any CPU
		{58D79E59-DB4B-42A3-ACB7-7F4872FCA5DD}.Release|x64.Build.0 = Release|Any CPU
		{58D79E59-DB4B-42A3-ACB7-7F4872FCA5DD}.Release|x86.ActiveCfg = Release|Any CPU
		{58D79E59-DB4B-42A3-ACB7-7F4872FCA5DD}.Release|x86.Build.0 = Release|Any CPU
		{B86C9B86-4B5F-4F1E-84EF-C0C74DB419B4}.Debug|Any CPU.ActiveCfg = Debug|Any CPU
		{B86C9B86-4B5F-4F1E-84EF-C0C74DB419B4}.Debug|Any CPU.Build.0 = Debug|Any CPU
		{B86C9B86-4B5F-4F1E-84EF-C0C74DB419B4}.Debug|x64.ActiveCfg = Debug|Any CPU
		{B86C9B86-4B5F-4F1E-84EF-C0C74DB419B4}.Debug|x64.Build.0 = Debug|Any CPU
		{B86C9B86-4B5F-4F1E-84EF-C0C74DB419B4}.Debug|x86.ActiveCfg = Debug|Any CPU
		{B86C9B86-4B5F-4F1E-84EF-C0C74DB419B4}.Debug|x86.Build.0 = Debug|Any CPU
		{B86C9B86-4B5F-4F1E-84EF-C0C74DB419B4}.Release|Any CPU.ActiveCfg = Release|Any CPU
		{B86C9B86-4B5F-4F1E-84EF-C0C74DB419B4}.Release|Any CPU.Build.0 = Release|Any CPU
		{B86C9B86-4B5F-4F1E-84EF-C0C74DB419B4}.Release|x64.ActiveCfg = Release|Any CPU
		{B86C9B86-4B5F-4F1E-84EF-C0C74DB419B4}.Release|x64.Build.0 = Release|Any CPU
		{B86C9B86-4B5F-4F1E-84EF-C0C74DB419B4}.Release|x86.ActiveCfg = Release|Any CPU
		{B86C9B86-4B5F-4F1E-84EF-C0C74DB419B4}.Release|x86.Build.0 = Release|Any CPU
	EndGlobalSection
EndGlobal
